
Microsoft Visual Studio Solution File, Format Version 12.00
# Visual Studio 2013
VisualStudioVersion = 12.0.30501.0
MinimumVisualStudioVersion = 10.0.40219.1
Project("{8BC9CEB8-8B4A-11D0-8D11-00A0C91BC942}") = "IFCTest", "IFCTest\IFCTest.vcxproj", "{9CFACA20-614F-478D-AF97-623D3315318A}"
EndProject
Project("{8BC9CEB8-8B4A-11D0-8D11-00A0C91BC942}") = "FileIO", "FileIO\FileIO.vcxproj", "{BC6AD2D7-76C6-404D-8941-9C4D8C21B3DB}"
EndProject
Global
	GlobalSection(SolutionConfigurationPlatforms) = preSolution
		Debug|Win32 = Debug|Win32
		Release|Win32 = Release|Win32
	EndGlobalSection
	GlobalSection(ProjectConfigurationPlatforms) = postSolution
		{9CFACA20-614F-478D-AF97-623D3315318A}.Debug|Win32.ActiveCfg = Debug|Win32
		{9CFACA20-614F-478D-AF97-623D3315318A}.Debug|Win32.Build.0 = Debug|Win32
		{9CFACA20-614F-478D-AF97-623D3315318A}.Release|Win32.ActiveCfg = Release|Win32
		{9CFACA20-614F-478D-AF97-623D3315318A}.Release|Win32.Build.0 = Release|Win32
		{BC6AD2D7-76C6-404D-8941-9C4D8C21B3DB}.Debug|Win32.ActiveCfg = Debug|Win32
		{BC6AD2D7-76C6-404D-8941-9C4D8C21B3DB}.Debug|Win32.Build.0 = Debug|Win32
		{BC6AD2D7-76C6-404D-8941-9C4D8C21B3DB}.Release|Win32.ActiveCfg = Release|Win32
		{BC6AD2D7-76C6-404D-8941-9C4D8C21B3DB}.Release|Win32.Build.0 = Release|Win32
	EndGlobalSection
	GlobalSection(SolutionProperties) = preSolution
		HideSolutionNode = FALSE
	EndGlobalSection
EndGlobal
